
Microsoft Visual Studio Solution File, Format Version 12.00
# Visual Studio Version 17
VisualStudioVersion = 17.9.34728.123
MinimumVisualStudioVersion = 10.0.40219.1
Project("{FAE04EC0-301F-11D3-BF4B-00C04F79EFBC}") = "server", "server.csproj", "{41F18AD6-08CE-4161-AF91-29749A6C8F18}"
EndProject
Global
	GlobalSection(SolutionConfigurationPlatforms) = preSolution
		Debug|Any CPU = Debug|Any CPU
		Release|Any CPU = Release|Any CPU
	EndGlobalSection
	GlobalSection(ProjectConfigurationPlatforms) = postSolution
		{41F18AD6-08CE-4161-AF91-29749A6C8F18}.Debug|Any CPU.ActiveCfg = Debug|Any CPU
		{41F18AD6-08CE-4161-AF91-29749A6C8F18}.Debug|Any CPU.Build.0 = Debug|Any CPU
		{41F18AD6-08CE-4161-AF91-29749A6C8F18}.Release|Any CPU.ActiveCfg = Release|Any CPU
		{41F18AD6-08CE-4161-AF91-29749A6C8F18}.Release|Any CPU.Build.0 = Release|Any CPU
	EndGlobalSection
	GlobalSection(SolutionProperties) = preSolution
		HideSolutionNode = FALSE
	EndGlobalSection
	GlobalSection(ExtensibilityGlobals) = postSolution
		SolutionGuid = {972635F9-08A2-47E6-9501-BE7F1A161048}
	EndGlobalSection
EndGlobal
